<?xml version="1.0" encoding="utf-8"?>
<Project ToolsVersion="4.0" xmlns="http://schemas.microsoft.com/developer/msbuild/2003">
  <ItemGroup>
    <Filter Include="Source Files">
      <UniqueIdentifier>{4FC737F1-C7A5-4376-A066-2A32D752A2FF}</UniqueIdentifier>
      <Extensions>cpp;c;cc;cxx;def;odl;idl;hpj;bat;asm;asmx</Extensions>
    </Filter>
    <Filter Include="Header Files">
      <UniqueIdentifier>{93995380-89BD-4b04-88EB-625FBE52EBFB}</UniqueIdentifier>
      <Extensions>h;hpp;hxx;hm;inl;inc;xsd</Extensions>
    </Filter>
    <Filter Include="Resource Files">
      <UniqueIdentifier>{67DA6AB6-F800-4c08-8B7A-83BB121AAD01}</UniqueIdentifier>
      <Extensions>rc;ico;cur;bmp;dlg;rc2;rct;bin;rgs;gif;jpg;jpeg;jpe;resx;tiff;tif;png;wav;mfcribbon-ms</Extensions>
    </Filter>
  </ItemGroup>
  <ItemGroup>
    <ClInclude Include="..\Parser\parser.h">
      <Filter>Header Files</Filter>
    </ClInclude>
    <ClInclude Include="..\Geometry\Point.h">
      <Filter>Header Files</Filter>
    </ClInclude>
    <ClInclude Include="..\Geometry\Point2.H">
      <Filter>Header Files</Filter>
    </ClInclude>
    <ClInclude Include="..\LinearAlgebra\Matlab.h">
      <Filter>Header Files</Filter>
    </ClInclude>
    <ClInclude Include="..\LinearAlgebra\SparseMatrix.h">
      <Filter>Header Files</Filter>
    </ClInclude>
    <ClInclude Include="..\Mesh\boundary.h">
      <Filter>Header Files</Filter>
    </ClInclude>
    <ClInclude Include="..\Mesh\Edge.h">
      <Filter>Header Files</Filter>
    </ClInclude>
    <ClInclude Include="..\Mesh\Face.h">
      <Filter>Header Files</Filter>
    </ClInclude>
    <ClInclude Include="..\Mesh\HalfEdge.h">
      <Filter>Header Files</Filter>
    </ClInclude>
    <ClInclude Include="..\Mesh\iterators.h">
      <Filter>Header Files</Filter>
    </ClInclude>
    <ClInclude Include="..\Mesh\mesh.h">
      <Filter>Header Files</Filter>
    </ClInclude>
    <ClInclude Include="..\Mesh\Vertex.h">
      <Filter>Header Files</Filter>
    </ClInclude>
    <ClInclude Include="..\Trait\Trait.h">
      <Filter>Header Files</Filter>
    </ClInclude>
    <ClInclude Include="..\HarTrait\Trait.h">
      <Filter>Header Files</Filter>
    </ClInclude>
    <ClInclude Include="..\Trait\HarmonicFormTrait.h">
      <Filter>Header Files</Filter>
    </ClInclude>
    <ClInclude Include="..\HarmonicForm\HarmonicForm.h">
      <Filter>Header Files</Filter>
    </ClInclude>
    <ClInclude Include="..\HolomorphicForm\HolomorphicForm.h">
      <Filter>Header Files</Filter>
    </ClInclude>
    <ClInclude Include="..\HoTrait\HolomorphicFormTrait.h">
      <Filter>Header Files</Filter>
    </ClInclude>
    <ClInclude Include="..\InTrait\IntegrationTrait.h">
      <Filter>Header Files</Filter>
    </ClInclude>
    <ClInclude Include="..\Integration\Integration.h">
      <Filter>Header Files</Filter>
    </ClInclude>
  </ItemGroup>
  <ItemGroup>
    <ClCompile Include="..\Parser\token.cpp">
      <Filter>Source Files</Filter>
    </ClCompile>
    <ClCompile Include="..\LinearAlgebra\Matlab.cpp">
      <Filter>Source Files</Filter>
    </ClCompile>
    <ClCompile Include="..\LinearAlgebra\SparseMatrix.cpp">
      <Filter>Source Files</Filter>
    </ClCompile>
    <ClCompile Include="..\Mesh\boundary.cpp">
      <Filter>Source Files</Filter>
    </ClCompile>
    <ClCompile Include="..\Mesh\Edge.cpp">
      <Filter>Source Files</Filter>
    </ClCompile>
    <ClCompile Include="..\Mesh\HalfEdge.cpp">
      <Filter>Source Files</Filter>
    </ClCompile>
    <ClCompile Include="..\Mesh\Mesh.cpp">
      <Filter>Source Files</Filter>
    </ClCompile>
    <ClCompile Include="..\Mesh\Vertex.cpp">
      <Filter>Source Files</Filter>
    </ClCompile>
    <ClCompile Include="Source.cpp">
      <Filter>Source Files</Filter>
    </ClCompile>
    <ClCompile Include="..\Trait\HarmonicFormTrait.cpp">
      <Filter>Source Files</Filter>
    </ClCompile>
    <ClCompile Include="..\HarmonicForm\HarmonicForm.cpp">
      <Filter>Source Files</Filter>
    </ClCompile>
    <ClCompile Include="..\HolomorphicForm\HolomorphicForm.cpp">
      <Filter>Source Files</Filter>
    </ClCompile>
    <ClCompile Include="..\HoTrait\HolomorphicFormTrait.cpp">
      <Filter>Source Files</Filter>
    </ClCompile>
    <ClCompile Include="..\InTrait\IntegrationTrait.cpp">
      <Filter>Source Files</Filter>
    </ClCompile>
    <ClCompile Include="..\Integration\Integration.cpp">
      <Filter>Source Files</Filter>
    </ClCompile>
  </ItemGroup>
</Project>